
Microsoft Visual Studio Solution File, Format Version 12.00
# Visual Studio Version 16
VisualStudioVersion = 16.0.30104.148
MinimumVisualStudioVersion = 10.0.40219.1
Project("{FAE04EC0-301F-11D3-BF4B-00C04F79EFBC}") = "AddressBookWebApp", "AddressBookWebApp\AddressBookWebApp.csproj", "{7D2344EF-1796-488E-86AE-ECB94EACD2D4}"
EndProject
Project("{FAE04EC0-301F-11D3-BF4B-00C04F79EFBC}") = "AddressBookWebApp.Tests", "AddressBookWebApp.Tests\AddressBookWebApp.Tests.csproj", "{B506F4AF-A0FA-4E88-BC1E-807FD46F3253}"
EndProject
Project("{FAE04EC0-301F-11D3-BF4B-00C04F79EFBC}") = "CsvImport", "CsvImport\CsvImport.csproj", "{F48C9DA2-3BB6-48FE-81B8-41F767442CBC}"
EndProject
Global
	GlobalSection(SolutionConfigurationPlatforms) = preSolution
		Debug|Any CPU = Debug|Any CPU
		Release|Any CPU = Release|Any CPU
	EndGlobalSection
	GlobalSection(ProjectConfigurationPlatforms) = postSolution
		{7D2344EF-1796-488E-86AE-ECB94EACD2D4}.Debug|Any CPU.ActiveCfg = Debug|Any CPU
		{7D2344EF-1796-488E-86AE-ECB94EACD2D4}.Debug|Any CPU.Build.0 = Debug|Any CPU
		{7D2344EF-1796-488E-86AE-ECB94EACD2D4}.Release|Any CPU.ActiveCfg = Release|Any CPU
		{7D2344EF-1796-488E-86AE-ECB94EACD2D4}.Release|Any CPU.Build.0 = Release|Any CPU
		{B506F4AF-A0FA-4E88-BC1E-807FD46F3253}.Debug|Any CPU.ActiveCfg = Debug|Any CPU
		{B506F4AF-A0FA-4E88-BC1E-807FD46F3253}.Debug|Any CPU.Build.0 = Debug|Any CPU
		{B506F4AF-A0FA-4E88-BC1E-807FD46F3253}.Release|Any CPU.ActiveCfg = Release|Any CPU
		{B506F4AF-A0FA-4E88-BC1E-807FD46F3253}.Release|Any CPU.Build.0 = Release|Any CPU
		{F48C9DA2-3BB6-48FE-81B8-41F767442CBC}.Debug|Any CPU.ActiveCfg = Debug|Any CPU
		{F48C9DA2-3BB6-48FE-81B8-41F767442CBC}.Debug|Any CPU.Build.0 = Debug|Any CPU
		{F48C9DA2-3BB6-48FE-81B8-41F767442CBC}.Release|Any CPU.ActiveCfg = Release|Any CPU
		{F48C9DA2-3BB6-48FE-81B8-41F767442CBC}.Release|Any CPU.Build.0 = Release|Any CPU
	EndGlobalSection
	GlobalSection(SolutionProperties) = preSolution
		HideSolutionNode = FALSE
	EndGlobalSection
	GlobalSection(ExtensibilityGlobals) = postSolution
		SolutionGuid = {ACC83AE8-0E05-4A99-B70D-5C25E82BE194}
	EndGlobalSection
EndGlobal
